[commons]
path = "../../commons/wit"
sha256 = "f9b2ae1ee4648581be3d526a30c6d07921ed2eb458d9ebb202c53ba19e1d45fe"
sha512 = "4e8c6b19aad8fd322ebb69c0cd6a843b51803208b04a70622333bb0ec4815c7fd2447c327acd255a38986c3bf5c11bb99fd04a371a701c1a05921ea4a20f936d"

[keyvalue]
url = "https://github.com/WebAssembly/wasi-keyvalue/archive/53ff9402194704cb68b1599c4e35e9182f4c57c4.tar.gz"
sha256 = "d2de617fe31ec0abc6072f75f97dd22bf95b3231d5b3111471d73871df9081cd"
sha512 = "6f0b4e44c684d760c54552e2bde9bc976e0a4f6525fc1d47acb98625e030847276436242f42a41f4da1bb9169fb2968c53d659d61af9b2f709f4eb6f9880e2c7"

[logging]
url = "https://github.com/WebAssembly/wasi-logging/archive/d31c41d0d9eed81aabe02333d0025d42acf3fb75.tar.gz"
sha256 = "ad81d8b7f7a8ceb729cf551f1d24586f0de9560a43eea57a9bb031d2175804e1"
sha512 = "1687ad9a02ab3e689443e67d1a0605f58fc5dea828d2e4d2c7825c6002714fac9bd4289b1a68b61a37dcca6c3b421f4c8ed4b1e6cc29f6460e0913cf1bf11c04"
