[balance-manager]
path = "../../balance-management/wit"
sha256 = "14f75d7e6770341a08cec3a713a3d1b336c9acc595147fb5f63ed2537abb40f4"
sha512 = "6f5440754237d5dd5c46ed5a33fc76a2692dc470d7a6c3ecf5e6d3eed946462b9e604a4ffa46510b979b438b3c8c2aa375fcebf87e7970014f45f248761c385a"

[commons]
path = "../../commons/wit"
sha256 = "425e9e819117402602d019a0dd3edb0c1bb9e525a20ad72ef70ab9e797b3988b"
sha512 = "11b0d2fd9877897bd946600132b17271c605bd87fbc7e151becdc0f896e822e6ab73e67076189305616c6550e0b7a3b8596a1d6a7252f15517fba2a35dd9f0da"

[keyvalue]
url = "https://github.com/WebAssembly/wasi-keyvalue/archive/53ff9402194704cb68b1599c4e35e9182f4c57c4.tar.gz"
sha256 = "d2de617fe31ec0abc6072f75f97dd22bf95b3231d5b3111471d73871df9081cd"
sha512 = "6f0b4e44c684d760c54552e2bde9bc976e0a4f6525fc1d47acb98625e030847276436242f42a41f4da1bb9169fb2968c53d659d61af9b2f709f4eb6f9880e2c7"

[logging]
url = "https://github.com/WebAssembly/wasi-logging/archive/d31c41d0d9eed81aabe02333d0025d42acf3fb75.tar.gz"
sha256 = "ad81d8b7f7a8ceb729cf551f1d24586f0de9560a43eea57a9bb031d2175804e1"
sha512 = "1687ad9a02ab3e689443e67d1a0605f58fc5dea828d2e4d2c7825c6002714fac9bd4289b1a68b61a37dcca6c3b421f4c8ed4b1e6cc29f6460e0913cf1bf11c04"

[rating-interface]
path = "../../rating-interface/wit"
sha256 = "5c0132d013d494a4f57518d34d83bb368bb3eb806de3e81c0cd3a10539434cbf"
sha512 = "08bf314ddee5817688a513abbb592444e10de2163fcfa07c3787f6a2fc465592ac91da336afa6e03d89857e7bd89d340d7dd2d8b7af59919a01b6dd2f86c27c7"
