[balance-manager]
path = "../../balance-management/wit"
sha256 = "fd6127dae2f0d5c6e4bba685af4c6c5a1291a87df98a22023b3f52e3196f0ccd"
sha512 = "49142f231f724f9131082cb99859a200b408ed5e73d52157efbe6ee555f86c394de32ffbccd89735b16a6c579ccd5a69f4bd962902739285a20eb1ce1a46acbe"
deps = ["keyvalue"]

[keyvalue]
sha256 = "943072d4a418f617258d0e2040e469b476389463c0de069f0182f8664deea455"
sha512 = "8b72224dd255dd51fe991436bf09cb1bef48106afb2d360660e1738660245e1ad958303008d63cce1af87198264deed82de5cb7c1d9f380318f2f2ca0b6fcc21"

[logging]
url = "https://github.com/WebAssembly/wasi-logging/archive/main.tar.gz"
sha256 = "9676b482485bb0fd2751a390374c1108865a096b7037f4b5dbe524f066bfb06e"
sha512 = "30a621a6d48a0175e8047c062e618523a85f69c45a7c31918da2b888f7527fce1aca67fa132552222725d0f6cdcaed95be7f16c28488d9468c0fad00cb7450b9"

[rating-interface]
path = "../../rating-interface/wit"
sha256 = "5c0132d013d494a4f57518d34d83bb368bb3eb806de3e81c0cd3a10539434cbf"
sha512 = "08bf314ddee5817688a513abbb592444e10de2163fcfa07c3787f6a2fc465592ac91da336afa6e03d89857e7bd89d340d7dd2d8b7af59919a01b6dd2f86c27c7"
