[balance-manager]
path = "../../balance-management/wit"
sha256 = "14f75d7e6770341a08cec3a713a3d1b336c9acc595147fb5f63ed2537abb40f4"
sha512 = "6f5440754237d5dd5c46ed5a33fc76a2692dc470d7a6c3ecf5e6d3eed946462b9e604a4ffa46510b979b438b3c8c2aa375fcebf87e7970014f45f248761c385a"

[commons]
path = "../../commons/wit"
sha256 = "d0dd0858d90179af7971ada6115a4d04493ef496f2905a23b5d49f1eae0cbe60"
sha512 = "3b3edc15bbe2743cacea03ddeb5cb4062f4ee143c59f6c16183e7388a59339a4f15b233ba976325ae59cd56b04fa7dfdbe24e2301e2ce0252a221867254bd9c7"

[keyvalue]
url = "https://github.com/WebAssembly/wasi-keyvalue/archive/53ff9402194704cb68b1599c4e35e9182f4c57c4.tar.gz"
sha256 = "d2de617fe31ec0abc6072f75f97dd22bf95b3231d5b3111471d73871df9081cd"
sha512 = "6f0b4e44c684d760c54552e2bde9bc976e0a4f6525fc1d47acb98625e030847276436242f42a41f4da1bb9169fb2968c53d659d61af9b2f709f4eb6f9880e2c7"

[logging]
url = "https://github.com/WebAssembly/wasi-logging/archive/d31c41d0d9eed81aabe02333d0025d42acf3fb75.tar.gz"
sha256 = "ad81d8b7f7a8ceb729cf551f1d24586f0de9560a43eea57a9bb031d2175804e1"
sha512 = "1687ad9a02ab3e689443e67d1a0605f58fc5dea828d2e4d2c7825c6002714fac9bd4289b1a68b61a37dcca6c3b421f4c8ed4b1e6cc29f6460e0913cf1bf11c04"

[rating-interface]
path = "../../rating-interface/wit"
sha256 = "c45e725111bbbcfedc9d4885ec42f341e31e03be0c143b2c4174638b3f51779d"
sha512 = "a54f7497fcb43101fd68420674fd88cb243cb0030463c3cf7977b32b39da2a8abb80280f5ec2285c6aed6aba7c9bdefcba7fbcb48003695f51232849f0d6dec7"
