[balance-manager]
path = "../../balance-management/wit"
sha256 = "0e96370bb2063f0151682d5b375542b474637389e724f3f40582c85a47245195"
sha512 = "513a087ce8ff5700929fa8009c223e149a6ec895e03c2703f7deb62cfce14e35a555433cb78f787b8fc69781cf4e33c7f123dc00f374a303df9b6ffbe5996889"

[commons]
path = "../../commons/wit"
sha256 = "0ff31a0c8ac737e65350a06cca47ca4a43a4bd71101a22439e6d66df4c34b938"
sha512 = "dbe61a12fb6ffe908e122ec6aedab39ebdb306fe7ff6a7916e7c9f337e10395feb11caf4c861f12119f4c59cb4d57ec284e3cef7747315eac5175284500b39a7"

[keyvalue]
url = "https://github.com/WebAssembly/wasi-keyvalue/archive/53ff9402194704cb68b1599c4e35e9182f4c57c4.tar.gz"
sha256 = "d2de617fe31ec0abc6072f75f97dd22bf95b3231d5b3111471d73871df9081cd"
sha512 = "6f0b4e44c684d760c54552e2bde9bc976e0a4f6525fc1d47acb98625e030847276436242f42a41f4da1bb9169fb2968c53d659d61af9b2f709f4eb6f9880e2c7"

[logging]
url = "https://github.com/WebAssembly/wasi-logging/archive/d31c41d0d9eed81aabe02333d0025d42acf3fb75.tar.gz"
sha256 = "ad81d8b7f7a8ceb729cf551f1d24586f0de9560a43eea57a9bb031d2175804e1"
sha512 = "1687ad9a02ab3e689443e67d1a0605f58fc5dea828d2e4d2c7825c6002714fac9bd4289b1a68b61a37dcca6c3b421f4c8ed4b1e6cc29f6460e0913cf1bf11c04"

[rating-interface]
path = "../../rating-interface/wit"
sha256 = "5c0132d013d494a4f57518d34d83bb368bb3eb806de3e81c0cd3a10539434cbf"
sha512 = "08bf314ddee5817688a513abbb592444e10de2163fcfa07c3787f6a2fc465592ac91da336afa6e03d89857e7bd89d340d7dd2d8b7af59919a01b6dd2f86c27c7"
