[bus]
url = "https://github.com/wasmCloud/wasmCloud/releases/download/wit-wasmcloud-bus-v1.0.0/wit-wasmcloud-bus-1.0.0.tar.gz"
sha256 = "b4946a8bfa48b2f4ac404de03617d25712879596be5417bde3de09ca9c369462"
sha512 = "09918bb2fa8f7af022f71453348be38ec7fd1a35df6809b8d0c5f246856712f969557ff65d9e5d4619e905191e27fba2fbbcc9f38c777a7b09eb73c30909d33f"

[cli]
sha256 = "285865a31d777181b075f39e92bcfe59c89cd6bacce660be1b9a627646956258"
sha512 = "da2622210a9e3eea82b99f1a5b8a44ce5443d009cb943f7bca0bf9cf4360829b289913d7ee727c011f0f72994ea7dc8e661ebcc0a6b34b587297d80cd9b3f7e8"

[clocks]
sha256 = "468b4d12892fe926b8eb5d398dbf579d566c93231fa44f415440572c695b7613"
sha512 = "e6b53a07221f1413953c9797c68f08b815fdaebf66419bbc1ea3e8b7dece73731062693634731f311a03957b268cf9cc509c518bd15e513c318aa04a8459b93a"

[commons]
path = "../../commons/wit"
sha256 = "b979eb406d797485b1bf73f57e45d363267a73ef537eb881e08266a82d79b3c3"
sha512 = "bbcd225bdbdc4495e78c7fda3a9b511ee7a6768b31585dbd9061fa07caebc4f5cd6c515433a15c3cd24a0f3b4dfa276c0a1171f059e9b253624ebf784f3fb6c8"

[filesystem]
sha256 = "498c465cfd04587db40f970fff2185daa597d074c20b68a8bcbae558f261499b"
sha512 = "ead452f9b7bfb88593a502ec00d76d4228003d51c40fd0408aebc32d35c94673551b00230d730873361567cc209ec218c41fb4e95bad194268592c49e7964347"

[http]
url = "https://github.com/WebAssembly/wasi-http/archive/v0.2.0.tar.gz"
sha256 = "8f44402bde16c48e28c47dc53eab0b26af5b3b3482a1852cf77673e0880ba1c1"
sha512 = "760695f9a25c25bf75a25b731cb21c3bda9e288e450edda823324ecbc73d5d798bbb5de2edad999566980836f037463ee9e57d61789d04b3f3e381475b1a9a0f"
deps = ["cli", "clocks", "filesystem", "io", "random", "sockets"]

[io]
sha256 = "7210e5653539a15478f894d4da24cc69d61924cbcba21d2804d69314a88e5a4c"
sha512 = "49184a1b0945a889abd52d25271172ed3dc2db6968fcdddb1bab7ee0081f4a3eeee0977ad2291126a37631c0d86eeea75d822fa8af224c422134500bf9f0f2bb"

[logging]
url = "https://github.com/WebAssembly/wasi-logging/archive/d31c41d0d9eed81aabe02333d0025d42acf3fb75.tar.gz"
sha256 = "ad81d8b7f7a8ceb729cf551f1d24586f0de9560a43eea57a9bb031d2175804e1"
sha512 = "1687ad9a02ab3e689443e67d1a0605f58fc5dea828d2e4d2c7825c6002714fac9bd4289b1a68b61a37dcca6c3b421f4c8ed4b1e6cc29f6460e0913cf1bf11c04"

[random]
sha256 = "7371d03c037d924caba2587fb2e7c5773a0d3c5fcecbf7971e0e0ba57973c53d"
sha512 = "964c4e8925a53078e4d94ba907b54f89a0b7e154f46823a505391471466c17f53c8692682e5c85771712acd88b348686173fc07c53a3cfe3d301b8cd8ddd0de4"

[rating-coordinator]
path = "../../rating-coordinator/wit"
sha256 = "1fecd62f24b8039979222f959f1d4313ca46014d0d2f82dda486705aee634417"
sha512 = "459f1eeb3a48353b7f4a32855e25052cf185d4a41697da70789aea2f3399f17f5f7035154cedde6fb3029600cce74ee740fd6d54b5319210aa98694fe22279a7"
deps = ["cli", "clocks", "filesystem", "io", "random", "sockets"]

[rating-interface]
path = "../../rating-interface/wit"
sha256 = "c45e725111bbbcfedc9d4885ec42f341e31e03be0c143b2c4174638b3f51779d"
sha512 = "a54f7497fcb43101fd68420674fd88cb243cb0030463c3cf7977b32b39da2a8abb80280f5ec2285c6aed6aba7c9bdefcba7fbcb48003695f51232849f0d6dec7"

[sockets]
sha256 = "622bd28bbeb43736375dc02bd003fd3a016ff8ee91e14bab488325c6b38bf966"
sha512 = "5a63c1f36de0c4548e1d2297bdbededb28721cbad94ef7825c469eae29d7451c97e00b4c1d6730ee1ec0c4a5aac922961a2795762d4a0c3bb54e30a391a84bae"
